// !$*UTF8*$!
{
	archiveVersion = 1;
	classes = {
	};
	objectVersion = 45;
	objects = {

/* Begin PBXBuildFile section */
		1D3623260D0F684500981E51 /* CTAAppDelegate.m in Sources */ = {isa = PBXBuildFile; fileRef = 1D3623250D0F684500981E51 /* CTAAppDelegate.m */; };
		1D60589B0D05DD56006BFB54 /* main.m in Sources */ = {isa = PBXBuildFile; fileRef = 29B97316FDCFA39411CA2CEA /* main.m */; };
		1D60589F0D05DD5A006BFB54 /* Foundation.framework in Frameworks */ = {isa = PBXBuildFile; fileRef = 1D30AB110D05D00D00671497 /* Foundation.framework */; };
		1DF5F4E00D08C38300B7A737 /* UIKit.framework in Frameworks */ = {isa = PBXBuildFile; fileRef = 1DF5F4DF0D08C38300B7A737 /* UIKit.framework */; };
		2892E4100DC94CBA00A64D0F /* CoreGraphics.framework in Frameworks */ = {isa = PBXBuildFile; fileRef = 2892E40F0DC94CBA00A64D0F /* CoreGraphics.framework */; };
		28AD73600D9D9599002E5188 /* MainWindow.xib in Resources */ = {isa = PBXBuildFile; fileRef = 28AD735F0D9D9599002E5188 /* MainWindow.xib */; };
		28C286E10D94DF7D0034E888 /* RootViewController.m in Sources */ = {isa = PBXBuildFile; fileRef = 28C286E00D94DF7D0034E888 /* RootViewController.m */; };
		28F335F11007B36200424DE2 /* RootViewController.xib in Resources */ = {isa = PBXBuildFile; fileRef = 28F335F01007B36200424DE2 /* RootViewController.xib */; };
		E4FD2E8213272CB600D869B3 /* ASIAuthenticationDialog.m in Sources */ = {isa = PBXBuildFile; fileRef = E4FD2E6F13272CB600D869B3 /* ASIAuthenticationDialog.m */; };
		E4FD2E8313272CB600D869B3 /* ASIDataCompressor.m in Sources */ = {isa = PBXBuildFile; fileRef = E4FD2E7213272CB600D869B3 /* ASIDataCompressor.m */; };
		E4FD2E8413272CB600D869B3 /* ASIDataDecompressor.m in Sources */ = {isa = PBXBuildFile; fileRef = E4FD2E7413272CB600D869B3 /* ASIDataDecompressor.m */; };
		E4FD2E8513272CB600D869B3 /* ASIDownloadCache.m in Sources */ = {isa = PBXBuildFile; fileRef = E4FD2E7613272CB600D869B3 /* ASIDownloadCache.m */; };
		E4FD2E8613272CB600D869B3 /* ASIFormDataRequest.m in Sources */ = {isa = PBXBuildFile; fileRef = E4FD2E7813272CB600D869B3 /* ASIFormDataRequest.m */; };
		E4FD2E8713272CB600D869B3 /* ASIHTTPRequest.m in Sources */ = {isa = PBXBuildFile; fileRef = E4FD2E7A13272CB600D869B3 /* ASIHTTPRequest.m */; };
		E4FD2E8813272CB600D869B3 /* ASIInputStream.m in Sources */ = {isa = PBXBuildFile; fileRef = E4FD2E7E13272CB600D869B3 /* ASIInputStream.m */; };
		E4FD2E8913272CB600D869B3 /* ASINetworkQueue.m in Sources */ = {isa = PBXBuildFile; fileRef = E4FD2E8013272CB600D869B3 /* ASINetworkQueue.m */; };
		E4FD2F6413272D2C00D869B3 /* Reachability.m in Sources */ = {isa = PBXBuildFile; fileRef = E4FD2F6313272D2C00D869B3 /* Reachability.m */; };
		E4FD2F6A13272D7300D869B3 /* CFNetwork.framework in Frameworks */ = {isa = PBXBuildFile; fileRef = E4FD2F6913272D7300D869B3 /* CFNetwork.framework */; };
		E4FD2F6C13272D8600D869B3 /* SystemConfiguration.framework in Frameworks */ = {isa = PBXBuildFile; fileRef = E4FD2F6B13272D8600D869B3 /* SystemConfiguration.framework */; };
		E4FD2F6E13272D8B00D869B3 /* MobileCoreServices.framework in Frameworks */ = {isa = PBXBuildFile; fileRef = E4FD2F6D13272D8B00D869B3 /* MobileCoreServices.framework */; };
		E4FD2F7013272DA400D869B3 /* libz.1.2.3.dylib in Frameworks */ = {isa = PBXBuildFile; fileRef = E4FD2F6F13272DA400D869B3 /* libz.1.2.3.dylib */; };
/* End PBXBuildFile section */

/* Begin PBXFileReference section */
		1D30AB110D05D00D00671497 /* Foundation.framework */ = {isa = PBXFileReference; lastKnownFileType = wrapper.framework; name = Foundation.framework; path = System/Library/Frameworks/Foundation.framework; sourceTree = SDKROOT; };
		1D3623240D0F684500981E51 /* CTAAppDelegate.h */ = {isa = PBXFileReference; fileEncoding = 4; lastKnownFileType = sourcecode.c.h; path = CTAAppDelegate.h; sourceTree = "<group>"; };
		1D3623250D0F684500981E51 /* CTAAppDelegate.m */ = {isa = PBXFileReference; fileEncoding = 4; lastKnownFileType = sourcecode.c.objc; path = CTAAppDelegate.m; sourceTree = "<group>"; };
		1D6058910D05DD3D006BFB54 /* CTA.app */ = {isa = PBXFileReference; explicitFileType = wrapper.application; includeInIndex = 0; path = CTA.app; sourceTree = BUILT_PRODUCTS_DIR; };
		1DF5F4DF0D08C38300B7A737 /* UIKit.framework */ = {isa = PBXFileReference; lastKnownFileType = wrapper.framework; name = UIKit.framework; path = System/Library/Frameworks/UIKit.framework; sourceTree = SDKROOT; };
		2892E40F0DC94CBA00A64D0F /* CoreGraphics.framework */ = {isa = PBXFileReference; lastKnownFileType = wrapper.framework; name = CoreGraphics.framework; path = System/Library/Frameworks/CoreGraphics.framework; sourceTree = SDKROOT; };
		28A0AAE50D9B0CCF005BE974 /* CTA_Prefix.pch */ = {isa = PBXFileReference; fileEncoding = 4; lastKnownFileType = sourcecode.c.h; path = CTA_Prefix.pch; sourceTree = "<group>"; };
		28AD735F0D9D9599002E5188 /* MainWindow.xib */ = {isa = PBXFileReference; lastKnownFileType = file.xib; path = MainWindow.xib; sourceTree = "<group>"; };
		28C286DF0D94DF7D0034E888 /* RootViewController.h */ = {isa = PBXFileReference; fileEncoding = 4; lastKnownFileType = sourcecode.c.h; path = RootViewController.h; sourceTree = "<group>"; };
		28C286E00D94DF7D0034E888 /* RootViewController.m */ = {isa = PBXFileReference; fileEncoding = 4; lastKnownFileType = sourcecode.c.objc; path = RootViewController.m; sourceTree = "<group>"; };
		28F335F01007B36200424DE2 /* RootViewController.xib */ = {isa = PBXFileReference; lastKnownFileType = file.xib; path = RootViewController.xib; sourceTree = "<group>"; };
		29B97316FDCFA39411CA2CEA /* main.m */ = {isa = PBXFileReference; fileEncoding = 4; lastKnownFileType = sourcecode.c.objc; path = main.m; sourceTree = "<group>"; };
		8D1107310486CEB800E47090 /* CTA-Info.plist */ = {isa = PBXFileReference; fileEncoding = 4; lastKnownFileType = text.plist.xml; path = "CTA-Info.plist"; plistStructureDefinitionIdentifier = "com.apple.xcode.plist.structure-definition.iphone.info-plist"; sourceTree = "<group>"; };
		E4FD2E6E13272CB600D869B3 /* ASIAuthenticationDialog.h */ = {isa = PBXFileReference; fileEncoding = 4; lastKnownFileType = sourcecode.c.h; name = ASIAuthenticationDialog.h; path = Classes/ASIAuthenticationDialog.h; sourceTree = "<group>"; };
		E4FD2E6F13272CB600D869B3 /* ASIAuthenticationDialog.m */ = {isa = PBXFileReference; fileEncoding = 4; lastKnownFileType = sourcecode.c.objc; name = ASIAuthenticationDialog.m; path = Classes/ASIAuthenticationDialog.m; sourceTree = "<group>"; };
		E4FD2E7013272CB600D869B3 /* ASICacheDelegate.h */ = {isa = PBXFileReference; fileEncoding = 4; lastKnownFileType = sourcecode.c.h; name = ASICacheDelegate.h; path = Classes/ASICacheDelegate.h; sourceTree = "<group>"; };
		E4FD2E7113272CB600D869B3 /* ASIDataCompressor.h */ = {isa = PBXFileReference; fileEncoding = 4; lastKnownFileType = sourcecode.c.h; name = ASIDataCompressor.h; path = Classes/ASIDataCompressor.h; sourceTree = "<group>"; };
		E4FD2E7213272CB600D869B3 /* ASIDataCompressor.m */ = {isa = PBXFileReference; fileEncoding = 4; lastKnownFileType = sourcecode.c.objc; name = ASIDataCompressor.m; path = Classes/ASIDataCompressor.m; sourceTree = "<group>"; };
		E4FD2E7313272CB600D869B3 /* ASIDataDecompressor.h */ = {isa = PBXFileReference; fileEncoding = 4; lastKnownFileType = sourcecode.c.h; name = ASIDataDecompressor.h; path = Classes/ASIDataDecompressor.h; sourceTree = "<group>"; };
		E4FD2E7413272CB600D869B3 /* ASIDataDecompressor.m */ = {isa = PBXFileReference; fileEncoding = 4; lastKnownFileType = sourcecode.c.objc; name = ASIDataDecompressor.m; path = Classes/ASIDataDecompressor.m; sourceTree = "<group>"; };
		E4FD2E7513272CB600D869B3 /* ASIDownloadCache.h */ = {isa = PBXFileReference; fileEncoding = 4; lastKnownFileType = sourcecode.c.h; name = ASIDownloadCache.h; path = Classes/ASIDownloadCache.h; sourceTree = "<group>"; };
		E4FD2E7613272CB600D869B3 /* ASIDownloadCache.m */ = {isa = PBXFileReference; fileEncoding = 4; lastKnownFileType = sourcecode.c.objc; name = ASIDownloadCache.m; path = Classes/ASIDownloadCache.m; sourceTree = "<group>"; };
		E4FD2E7713272CB600D869B3 /* ASIFormDataRequest.h */ = {isa = PBXFileReference; fileEncoding = 4; lastKnownFileType = sourcecode.c.h; name = ASIFormDataRequest.h; path = Classes/ASIFormDataRequest.h; sourceTree = "<group>"; };
		E4FD2E7813272CB600D869B3 /* ASIFormDataRequest.m */ = {isa = PBXFileReference; fileEncoding = 4; lastKnownFileType = sourcecode.c.objc; name = ASIFormDataRequest.m; path = Classes/ASIFormDataRequest.m; sourceTree = "<group>"; };
		E4FD2E7913272CB600D869B3 /* ASIHTTPRequest.h */ = {isa = PBXFileReference; fileEncoding = 4; lastKnownFileType = sourcecode.c.h; name = ASIHTTPRequest.h; path = Classes/ASIHTTPRequest.h; sourceTree = "<group>"; };
		E4FD2E7A13272CB600D869B3 /* ASIHTTPRequest.m */ = {isa = PBXFileReference; fileEncoding = 4; lastKnownFileType = sourcecode.c.objc; name = ASIHTTPRequest.m; path = Classes/ASIHTTPRequest.m; sourceTree = "<group>"; };
		E4FD2E7B13272CB600D869B3 /* ASIHTTPRequestConfig.h */ = {isa = PBXFileReference; fileEncoding = 4; lastKnownFileType = sourcecode.c.h; name = ASIHTTPRequestConfig.h; path = Classes/ASIHTTPRequestConfig.h; sourceTree = "<group>"; };
		E4FD2E7C13272CB600D869B3 /* ASIHTTPRequestDelegate.h */ = {isa = PBXFileReference; fileEncoding = 4; lastKnownFileType = sourcecode.c.h; name = ASIHTTPRequestDelegate.h; path = Classes/ASIHTTPRequestDelegate.h; sourceTree = "<group>"; };
		E4FD2E7D13272CB600D869B3 /* ASIInputStream.h */ = {isa = PBXFileReference; fileEncoding = 4; lastKnownFileType = sourcecode.c.h; name = ASIInputStream.h; path = Classes/ASIInputStream.h; sourceTree = "<group>"; };
		E4FD2E7E13272CB600D869B3 /* ASIInputStream.m */ = {isa = PBXFileReference; fileEncoding = 4; lastKnownFileType = sourcecode.c.objc; name = ASIInputStream.m; path = Classes/ASIInputStream.m; sourceTree = "<group>"; };
		E4FD2E7F13272CB600D869B3 /* ASINetworkQueue.h */ = {isa = PBXFileReference; fileEncoding = 4; lastKnownFileType = sourcecode.c.h; name = ASINetworkQueue.h; path = Classes/ASINetworkQueue.h; sourceTree = "<group>"; };
		E4FD2E8013272CB600D869B3 /* ASINetworkQueue.m */ = {isa = PBXFileReference; fileEncoding = 4; lastKnownFileType = sourcecode.c.objc; name = ASINetworkQueue.m; path = Classes/ASINetworkQueue.m; sourceTree = "<group>"; };
		E4FD2E8113272CB600D869B3 /* ASIProgressDelegate.h */ = {isa = PBXFileReference; fileEncoding = 4; lastKnownFileType = sourcecode.c.h; name = ASIProgressDelegate.h; path = Classes/ASIProgressDelegate.h; sourceTree = "<group>"; };
		E4FD2F6213272D2C00D869B3 /* Reachability.h */ = {isa = PBXFileReference; fileEncoding = 4; lastKnownFileType = sourcecode.c.h; name = Reachability.h; path = "../../../Downloads/pokeb-asi-http-request-341fb85/External/Reachability/Reachability.h"; sourceTree = SOURCE_ROOT; };
		E4FD2F6313272D2C00D869B3 /* Reachability.m */ = {isa = PBXFileReference; fileEncoding = 4; lastKnownFileType = sourcecode.c.objc; name = Reachability.m; path = "../../../Downloads/pokeb-asi-http-request-341fb85/External/Reachability/Reachability.m"; sourceTree = SOURCE_ROOT; };
		E4FD2F6913272D7300D869B3 /* CFNetwork.framework */ = {isa = PBXFileReference; lastKnownFileType = wrapper.framework; name = CFNetwork.framework; path = System/Library/Frameworks/CFNetwork.framework; sourceTree = SDKROOT; };
		E4FD2F6B13272D8600D869B3 /* SystemConfiguration.framework */ = {isa = PBXFileReference; lastKnownFileType = wrapper.framework; name = SystemConfiguration.framework; path = System/Library/Frameworks/SystemConfiguration.framework; sourceTree = SDKROOT; };
		E4FD2F6D13272D8B00D869B3 /* MobileCoreServices.framework */ = {isa = PBXFileReference; lastKnownFileType = wrapper.framework; name = MobileCoreServices.framework; path = System/Library/Frameworks/MobileCoreServices.framework; sourceTree = SDKROOT; };
		E4FD2F6F13272DA400D869B3 /* libz.1.2.3.dylib */ = {isa = PBXFileReference; lastKnownFileType = "compiled.mach-o.dylib"; name = libz.1.2.3.dylib; path = usr/lib/libz.1.2.3.dylib; sourceTree = SDKROOT; };
/* End PBXFileReference section */

/* Begin PBXFrameworksBuildPhase section */
		1D60588F0D05DD3D006BFB54 /* Frameworks */ = {
			isa = PBXFrameworksBuildPhase;
			buildActionMask = 2147483647;
			files = (
				1D60589F0D05DD5A006BFB54 /* Foundation.framework in Frameworks */,
				1DF5F4E00D08C38300B7A737 /* UIKit.framework in Frameworks */,
				2892E4100DC94CBA00A64D0F /* CoreGraphics.framework in Frameworks */,
				E4FD2F6A13272D7300D869B3 /* CFNetwork.framework in Frameworks */,
				E4FD2F6C13272D8600D869B3 /* SystemConfiguration.framework in Frameworks */,
				E4FD2F6E13272D8B00D869B3 /* MobileCoreServices.framework in Frameworks */,
				E4FD2F7013272DA400D869B3 /* libz.1.2.3.dylib in Frameworks */,
			);
			runOnlyForDeploymentPostprocessing = 0;
		};
/* End PBXFrameworksBuildPhase section */

/* Begin PBXGroup section */
		080E96DDFE201D6D7F000001 /* Classes */ = {
			isa = PBXGroup;
			children = (
				E4FD2F5F13272CFA00D869B3 /* ASIHTTPRequest */,
				28C286DF0D94DF7D0034E888 /* RootViewController.h */,
				28C286E00D94DF7D0034E888 /* RootViewController.m */,
				1D3623240D0F684500981E51 /* CTAAppDelegate.h */,
				1D3623250D0F684500981E51 /* CTAAppDelegate.m */,
			);
			path = Classes;
			sourceTree = "<group>";
		};
		19C28FACFE9D520D11CA2CBB /* Products */ = {
			isa = PBXGroup;
			children = (
				1D6058910D05DD3D006BFB54 /* CTA.app */,
			);
			name = Products;
			sourceTree = "<group>";
		};
		29B97314FDCFA39411CA2CEA /* CustomTemplate */ = {
			isa = PBXGroup;
			children = (
				080E96DDFE201D6D7F000001 /* Classes */,
				29B97315FDCFA39411CA2CEA /* Other Sources */,
				29B97317FDCFA39411CA2CEA /* Resources */,
				29B97323FDCFA39411CA2CEA /* Frameworks */,
				19C28FACFE9D520D11CA2CBB /* Products */,
				E4FD2F6913272D7300D869B3 /* CFNetwork.framework */,
				E4FD2F6B13272D8600D869B3 /* SystemConfiguration.framework */,
				E4FD2F6D13272D8B00D869B3 /* MobileCoreServices.framework */,
				E4FD2F6F13272DA400D869B3 /* libz.1.2.3.dylib */,
			);
			name = CustomTemplate;
			sourceTree = "<group>";
		};
		29B97315FDCFA39411CA2CEA /* Other Sources */ = {
			isa = PBXGroup;
			children = (
				28A0AAE50D9B0CCF005BE974 /* CTA_Prefix.pch */,
				29B97316FDCFA39411CA2CEA /* main.m */,
			);
			name = "Other Sources";
			sourceTree = "<group>";
		};
		29B97317FDCFA39411CA2CEA /* Resources */ = {
			isa = PBXGroup;
			children = (
				28F335F01007B36200424DE2 /* RootViewController.xib */,
				28AD735F0D9D9599002E5188 /* MainWindow.xib */,
				8D1107310486CEB800E47090 /* CTA-Info.plist */,
			);
			name = Resources;
			sourceTree = "<group>";
		};
		29B97323FDCFA39411CA2CEA /* Frameworks */ = {
			isa = PBXGroup;
			children = (
				1DF5F4DF0D08C38300B7A737 /* UIKit.framework */,
				1D30AB110D05D00D00671497 /* Foundation.framework */,
				2892E40F0DC94CBA00A64D0F /* CoreGraphics.framework */,
			);
			name = Frameworks;
			sourceTree = "<group>";
		};
		E4FD2F5F13272CFA00D869B3 /* ASIHTTPRequest */ = {
			isa = PBXGroup;
			children = (
				E4FD2F6213272D2C00D869B3 /* Reachability.h */,
				E4FD2F6313272D2C00D869B3 /* Reachability.m */,
				E4FD2E6E13272CB600D869B3 /* ASIAuthenticationDialog.h */,
				E4FD2E6F13272CB600D869B3 /* ASIAuthenticationDialog.m */,
				E4FD2E7013272CB600D869B3 /* ASICacheDelegate.h */,
				E4FD2E7113272CB600D869B3 /* ASIDataCompressor.h */,
				E4FD2E7213272CB600D869B3 /* ASIDataCompressor.m */,
				E4FD2E7313272CB600D869B3 /* ASIDataDecompressor.h */,
				E4FD2E7413272CB600D869B3 /* ASIDataDecompressor.m */,
				E4FD2E7513272CB600D869B3 /* ASIDownloadCache.h */,
				E4FD2E7613272CB600D869B3 /* ASIDownloadCache.m */,
				E4FD2E7713272CB600D869B3 /* ASIFormDataRequest.h */,
				E4FD2E7813272CB600D869B3 /* ASIFormDataRequest.m */,
				E4FD2E7913272CB600D869B3 /* ASIHTTPRequest.h */,
				E4FD2E7A13272CB600D869B3 /* ASIHTTPRequest.m */,
				E4FD2E7B13272CB600D869B3 /* ASIHTTPRequestConfig.h */,
				E4FD2E7C13272CB600D869B3 /* ASIHTTPRequestDelegate.h */,
				E4FD2E7D13272CB600D869B3 /* ASIInputStream.h */,
				E4FD2E7E13272CB600D869B3 /* ASIInputStream.m */,
				E4FD2E7F13272CB600D869B3 /* ASINetworkQueue.h */,
				E4FD2E8013272CB600D869B3 /* ASINetworkQueue.m */,
				E4FD2E8113272CB600D869B3 /* ASIProgressDelegate.h */,
			);
			name = ASIHTTPRequest;
			path = ..;
			sourceTree = "<group>";
		};
/* End PBXGroup section */

/* Begin PBXNativeTarget section */
		1D6058900D05DD3D006BFB54 /* CTA */ = {
			isa = PBXNativeTarget;
			buildConfigurationList = 1D6058960D05DD3E006BFB54 /* Build configuration list for PBXNativeTarget "CTA" */;
			buildPhases = (
				1D60588D0D05DD3D006BFB54 /* Resources */,
				1D60588E0D05DD3D006BFB54 /* Sources */,
				1D60588F0D05DD3D006BFB54 /* Frameworks */,
			);
			buildRules = (
			);
			dependencies = (
			);
			name = CTA;
			productName = CTA;
			productReference = 1D6058910D05DD3D006BFB54 /* CTA.app */;
			productType = "com.apple.product-type.application";
		};
/* End PBXNativeTarget section */

/* Begin PBXProject section */
		29B97313FDCFA39411CA2CEA /* Project object */ = {
			isa = PBXProject;
			buildConfigurationList = C01FCF4E08A954540054247B /* Build configuration list for PBXProject "CTA" */;
			compatibilityVersion = "Xcode 3.1";
			developmentRegion = English;
			hasScannedForEncodings = 1;
			knownRegions = (
				English,
				Japanese,
				French,
				German,
				en,
			);
			mainGroup = 29B97314FDCFA39411CA2CEA /* CustomTemplate */;
			projectDirPath = "";
			projectRoot = "";
			targets = (
				1D6058900D05DD3D006BFB54 /* CTA */,
			);
		};
/* End PBXProject section */

/* Begin PBXResourcesBuildPhase section */
		1D60588D0D05DD3D006BFB54 /* Resources */ = {
			isa = PBXResourcesBuildPhase;
			buildActionMask = 2147483647;
			files = (
				28AD73600D9D9599002E5188 /* MainWindow.xib in Resources */,
				28F335F11007B36200424DE2 /* RootViewController.xib in Resources */,
			);
			runOnlyForDeploymentPostprocessing = 0;
		};
/* End PBXResourcesBuildPhase section */

/* Begin PBXSourcesBuildPhase section */
		1D60588E0D05DD3D006BFB54 /* Sources */ = {
			isa = PBXSourcesBuildPhase;
			buildActionMask = 2147483647;
			files = (
				1D60589B0D05DD56006BFB54 /* main.m in Sources */,
				1D3623260D0F684500981E51 /* CTAAppDelegate.m in Sources */,
				28C286E10D94DF7D0034E888 /* RootViewController.m in Sources */,
				E4FD2E8213272CB600D869B3 /* ASIAuthenticationDialog.m in Sources */,
				E4FD2E8313272CB600D869B3 /* ASIDataCompressor.m in Sources */,
				E4FD2E8413272CB600D869B3 /* ASIDataDecompressor.m in Sources */,
				E4FD2E8513272CB600D869B3 /* ASIDownloadCache.m in Sources */,
				E4FD2E8613272CB600D869B3 /* ASIFormDataRequest.m in Sources */,
				E4FD2E8713272CB600D869B3 /* ASIHTTPRequest.m in Sources */,
				E4FD2E8813272CB600D869B3 /* ASIInputStream.m in Sources */,
				E4FD2E8913272CB600D869B3 /* ASINetworkQueue.m in Sources */,
				E4FD2F6413272D2C00D869B3 /* Reachability.m in Sources */,
			);
			runOnlyForDeploymentPostprocessing = 0;
		};
/* End PBXSourcesBuildPhase section */

/* Begin XCBuildConfiguration section */
		1D6058940D05DD3E006BFB54 /* Debug */ = {
			isa = XCBuildConfiguration;
			buildSettings = {
				ALWAYS_SEARCH_USER_PATHS = NO;
				COPY_PHASE_STRIP = NO;
				GCC_DYNAMIC_NO_PIC = NO;
				GCC_OPTIMIZATION_LEVEL = 0;
				GCC_PRECOMPILE_PREFIX_HEADER = YES;
				GCC_PREFIX_HEADER = CTA_Prefix.pch;
				INFOPLIST_FILE = "CTA-Info.plist";
				PRODUCT_NAME = CTA;
			};
			name = Debug;
		};
		1D6058950D05DD3E006BFB54 /* Release */ = {
			isa = XCBuildConfiguration;
			buildSettings = {
				ALWAYS_SEARCH_USER_PATHS = NO;
				COPY_PHASE_STRIP = YES;
				GCC_PRECOMPILE_PREFIX_HEADER = YES;
				GCC_PREFIX_HEADER = CTA_Prefix.pch;
				INFOPLIST_FILE = "CTA-Info.plist";
				PRODUCT_NAME = CTA;
				VALIDATE_PRODUCT = YES;
			};
			name = Release;
		};
		C01FCF4F08A954540054247B /* Debug */ = {
			isa = XCBuildConfiguration;
			buildSettings = {
				ARCHS = "$(ARCHS_STANDARD_32_BIT)";
				"CODE_SIGN_IDENTITY[sdk=iphoneos*]" = "iPhone Developer";
				GCC_C_LANGUAGE_STANDARD = c99;
				GCC_WARN_ABOUT_RETURN_TYPE = YES;
				GCC_WARN_UNUSED_VARIABLE = YES;
				PREBINDING = NO;
				SDKROOT = iphoneos;
			};
			name = Debug;
		};
		C01FCF5008A954540054247B /* Release */ = {
			isa = XCBuildConfiguration;
			buildSettings = {
				ARCHS = "$(ARCHS_STANDARD_32_BIT)";
				"CODE_SIGN_IDENTITY[sdk=iphoneos*]" = "iPhone Developer";
				GCC_C_LANGUAGE_STANDARD = c99;
				GCC_WARN_ABOUT_RETURN_TYPE = YES;
				GCC_WARN_UNUSED_VARIABLE = YES;
				OTHER_CFLAGS = "-DNS_BLOCK_ASSERTIONS=1";
				PREBINDING = NO;
				SDKROOT = iphoneos;
			};
			name = Release;
		};
/* End XCBuildConfiguration section */

/* Begin XCConfigurationList section */
		1D6058960D05DD3E006BFB54 /* Build configuration list for PBXNativeTarget "CTA" */ = {
			isa = XCConfigurationList;
			buildConfigurations = (
				1D6058940D05DD3E006BFB54 /* Debug */,
				1D6058950D05DD3E006BFB54 /* Release */,
			);
			defaultConfigurationIsVisible = 0;
			defaultConfigurationName = Release;
		};
		C01FCF4E08A954540054247B /* Build configuration list for PBXProject "CTA" */ = {
			isa = XCConfigurationList;
			buildConfigurations = (
				C01FCF4F08A954540054247B /* Debug */,
				C01FCF5008A954540054247B /* Release */,
			);
			defaultConfigurationIsVisible = 0;
			defaultConfigurationName = Release;
		};
/* End XCConfigurationList section */
	};
	rootObject = 29B97313FDCFA39411CA2CEA /* Project object */;
}
